
Microsoft Visual Studio Solution File, Format Version 12.00
# Visual Studio Version 16
VisualStudioVersion = 16.0.33801.447
MinimumVisualStudioVersion = 10.0.40219.1
Project("{FAE04EC0-301F-11D3-BF4B-00C04F79EFBC}") = "TableDataConverter", "TableDataConverter.csproj", "{4192730A-69EE-4F35-B46B-90D7396070EB}"
EndProject
Global
	GlobalSection(SolutionConfigurationPlatforms) = preSolution
		Debug|Any CPU = Debug|Any CPU
		Release|Any CPU = Release|Any CPU
	EndGlobalSection
	GlobalSection(ProjectConfigurationPlatforms) = postSolution
		{4192730A-69EE-4F35-B46B-90D7396070EB}.Debug|Any CPU.ActiveCfg = Debug|Any CPU
		{4192730A-69EE-4F35-B46B-90D7396070EB}.Debug|Any CPU.Build.0 = Debug|Any CPU
		{4192730A-69EE-4F35-B46B-90D7396070EB}.Release|Any CPU.ActiveCfg = Release|Any CPU
		{4192730A-69EE-4F35-B46B-90D7396070EB}.Release|Any CPU.Build.0 = Release|Any CPU
	EndGlobalSection
	GlobalSection(SolutionProperties) = preSolution
		HideSolutionNode = FALSE
	EndGlobalSection
	GlobalSection(ExtensibilityGlobals) = postSolution
		SolutionGuid = {5450C64B-6D06-460C-BDF1-10D17AACEEF4}
	EndGlobalSection
EndGlobal
