
Microsoft Visual Studio Solution File, Format Version 12.00
# Visual Studio 15
Project("{FAE04EC0-301F-11D3-BF4B-00C04F79EFBC}") = "LoopScrollRect.Runtime", "LoopScrollRect.Runtime.csproj", "{93694F72-D47B-40E9-113D-F8EE5702DBA3}"
EndProject
Project("{FAE04EC0-301F-11D3-BF4B-00C04F79EFBC}") = "Assembly-CSharp", "Assembly-CSharp.csproj", "{07F3D4C4-0CBA-F662-C06E-496175F37A97}"
EndProject
Project("{FAE04EC0-301F-11D3-BF4B-00C04F79EFBC}") = "LoopScrollRect.Editor", "LoopScrollRect.Editor.csproj", "{C6DCCCBF-B743-EE2F-3096-C2082C8FA2F2}"
EndProject
Global
	GlobalSection(SolutionConfigurationPlatforms) = preSolution
		Debug|Any CPU = Debug|Any CPU
		Release|Any CPU = Release|Any CPU
	EndGlobalSection
	GlobalSection(ProjectConfigurationPlatforms) = postSolution
		{93694F72-D47B-40E9-113D-F8EE5702DBA3}.Debug|Any CPU.ActiveCfg = Debug|Any CPU
		{93694F72-D47B-40E9-113D-F8EE5702DBA3}.Debug|Any CPU.Build.0 = Debug|Any CPU
		{93694F72-D47B-40E9-113D-F8EE5702DBA3}.Release|Any CPU.ActiveCfg = Release|Any CPU
		{93694F72-D47B-40E9-113D-F8EE5702DBA3}.Release|Any CPU.Build.0 = Release|Any CPU
		{07F3D4C4-0CBA-F662-C06E-496175F37A97}.Debug|Any CPU.ActiveCfg = Debug|Any CPU
		{07F3D4C4-0CBA-F662-C06E-496175F37A97}.Debug|Any CPU.Build.0 = Debug|Any CPU
		{07F3D4C4-0CBA-F662-C06E-496175F37A97}.Release|Any CPU.ActiveCfg = Release|Any CPU
		{07F3D4C4-0CBA-F662-C06E-496175F37A97}.Release|Any CPU.Build.0 = Release|Any CPU
		{C6DCCCBF-B743-EE2F-3096-C2082C8FA2F2}.Debug|Any CPU.ActiveCfg = Debug|Any CPU
		{C6DCCCBF-B743-EE2F-3096-C2082C8FA2F2}.Debug|Any CPU.Build.0 = Debug|Any CPU
		{C6DCCCBF-B743-EE2F-3096-C2082C8FA2F2}.Release|Any CPU.ActiveCfg = Release|Any CPU
		{C6DCCCBF-B743-EE2F-3096-C2082C8FA2F2}.Release|Any CPU.Build.0 = Release|Any CPU
	EndGlobalSection
	GlobalSection(SolutionProperties) = preSolution
		HideSolutionNode = FALSE
	EndGlobalSection
EndGlobal
